// !$*UTF8*$!
{
	archiveVersion = 1;
	classes = {
	};
	objectVersion = 46;
	objects = {

/* Begin PBXGroup section */
		CD5933CE1B6D95A7001D2B9D = {
			isa = PBXGroup;
			children = (
			);
			sourceTree = "<group>";
		};
/* End PBXGroup section */

/* Begin PBXProject section */
		CD5933CF1B6D95A7001D2B9D /* Project object */ = {
			isa = PBXProject;
			attributes = {
				LastUpgradeCheck = 0700;
			};
			buildConfigurationList = CD5933D21B6D95A7001D2B9D /* Build configuration list for PBXProject "Sushi_Go2" */;
			compatibilityVersion = "Xcode 3.2";
			developmentRegion = English;
			hasScannedForEncodings = 0;
			knownRegions = (
				en,
			);
			mainGroup = CD5933CE1B6D95A7001D2B9D;
			projectDirPath = "";
			projectRoot = "";
			targets = (
			);
		};
/* End PBXProject section */

/* Begin XCBuildConfiguration section */
		CD5933D31B6D95A7001D2B9D /* Debug */ = {
			isa = XCBuildConfiguration;
			buildSettings = {
			};
			name = Debug;
		};
		CD5933D41B6D95A7001D2B9D /* Release */ = {
			isa = XCBuildConfiguration;
			buildSettings = {
			};
			name = Release;
		};
/* End XCBuildConfiguration section */

/* Begin XCConfigurationList section */
		CD5933D21B6D95A7001D2B9D /* Build configuration list for PBXProject "Sushi_Go2" */ = {
			isa = XCConfigurationList;
			buildConfigurations = (
				CD5933D31B6D95A7001D2B9D /* Debug */,
				CD5933D41B6D95A7001D2B9D /* Release */,
			);
			defaultConfigurationIsVisible = 0;
			defaultConfigurationName = Release;
		};
/* End XCConfigurationList section */
	};
	rootObject = CD5933CF1B6D95A7001D2B9D /* Project object */;
}
